
Microsoft Visual Studio Solution File, Format Version 12.00
# Visual Studio Version 17
VisualStudioVersion = 17.1.32319.34
MinimumVisualStudioVersion = 10.0.40219.1
Project("{9A19103F-16F7-4668-BE54-9A1E7A4F7556}") = "mprWorldOrientation", "mprWorldOrientation\mprWorldOrientation.csproj", "{12149F77-1D55-4EFC-B12B-F7952270F921}"
EndProject
Project("{9A19103F-16F7-4668-BE54-9A1E7A4F7556}") = "_build", "build\_build.csproj", "{6B855294-017A-41D3-A48F-9360704BEA6C}"
EndProject
Global
	GlobalSection(SolutionConfigurationPlatforms) = preSolution
		Debug|x64 = Debug|x64
		R2019|x64 = R2019|x64
		R2020|x64 = R2020|x64
		R2021|x64 = R2021|x64
		R2022|x64 = R2022|x64
		R2023|x64 = R2023|x64
	EndGlobalSection
	GlobalSection(ProjectConfigurationPlatforms) = postSolution
		{12149F77-1D55-4EFC-B12B-F7952270F921}.Debug|x64.ActiveCfg = Debug|x64
		{12149F77-1D55-4EFC-B12B-F7952270F921}.Debug|x64.Build.0 = Debug|x64
		{12149F77-1D55-4EFC-B12B-F7952270F921}.R2019|x64.ActiveCfg = R2019|x64
		{12149F77-1D55-4EFC-B12B-F7952270F921}.R2019|x64.Build.0 = R2019|x64
		{12149F77-1D55-4EFC-B12B-F7952270F921}.R2020|x64.ActiveCfg = R2020|x64
		{12149F77-1D55-4EFC-B12B-F7952270F921}.R2020|x64.Build.0 = R2020|x64
		{12149F77-1D55-4EFC-B12B-F7952270F921}.R2021|x64.ActiveCfg = R2021|x64
		{12149F77-1D55-4EFC-B12B-F7952270F921}.R2021|x64.Build.0 = R2021|x64
		{12149F77-1D55-4EFC-B12B-F7952270F921}.R2022|x64.ActiveCfg = R2022|x64
		{12149F77-1D55-4EFC-B12B-F7952270F921}.R2022|x64.Build.0 = R2022|x64
		{12149F77-1D55-4EFC-B12B-F7952270F921}.R2023|x64.ActiveCfg = R2023|x64
		{12149F77-1D55-4EFC-B12B-F7952270F921}.R2023|x64.Build.0 = R2023|x64
		{6B855294-017A-41D3-A48F-9360704BEA6C}.Debug|x64.ActiveCfg = Debug|Any CPU
		{6B855294-017A-41D3-A48F-9360704BEA6C}.R2019|x64.ActiveCfg = Release|Any CPU
		{6B855294-017A-41D3-A48F-9360704BEA6C}.R2019|x64.Build.0 = Release|Any CPU
		{6B855294-017A-41D3-A48F-9360704BEA6C}.R2020|x64.ActiveCfg = Release|Any CPU
		{6B855294-017A-41D3-A48F-9360704BEA6C}.R2020|x64.Build.0 = Release|Any CPU
		{6B855294-017A-41D3-A48F-9360704BEA6C}.R2021|x64.ActiveCfg = Release|Any CPU
		{6B855294-017A-41D3-A48F-9360704BEA6C}.R2021|x64.Build.0 = Release|Any CPU
		{6B855294-017A-41D3-A48F-9360704BEA6C}.R2022|x64.ActiveCfg = Release|Any CPU
		{6B855294-017A-41D3-A48F-9360704BEA6C}.R2022|x64.Build.0 = Release|Any CPU
		{6B855294-017A-41D3-A48F-9360704BEA6C}.R2023|x64.ActiveCfg = Release|Any CPU
		{6B855294-017A-41D3-A48F-9360704BEA6C}.R2023|x64.Build.0 = Release|Any CPU
	EndGlobalSection
	GlobalSection(SolutionProperties) = preSolution
		HideSolutionNode = FALSE
	EndGlobalSection
	GlobalSection(ExtensibilityGlobals) = postSolution
		SolutionGuid = {110C46CE-29B4-4234-BC66-222540D2A070}
	EndGlobalSection
EndGlobal
